
Microsoft Visual Studio Solution File, Format Version 12.00
# Visual Studio 15
VisualStudioVersion = 15.0.27703.2035
MinimumVisualStudioVersion = 10.0.40219.1
Project("{FAE04EC0-301F-11D3-BF4B-00C04F79EFBC}") = "KibaDDD", "KibaDDD\KibaDDD.csproj", "{7F0EED49-2780-45E6-A9D8-6B3810739875}"
EndProject
Project("{FAE04EC0-301F-11D3-BF4B-00C04F79EFBC}") = "Repository", "Repository\Repository.csproj", "{2E2D56FD-4091-4612-A004-A2C634986FFB}"
EndProject
Project("{FAE04EC0-301F-11D3-BF4B-00C04F79EFBC}") = "Utility", "Utility\Utility.csproj", "{3065C24F-DD71-44AE-98C2-7DF043611987}"
EndProject
Global
	GlobalSection(SolutionConfigurationPlatforms) = preSolution
		Debug|Any CPU = Debug|Any CPU
		Release|Any CPU = Release|Any CPU
	EndGlobalSection
	GlobalSection(ProjectConfigurationPlatforms) = postSolution
		{7F0EED49-2780-45E6-A9D8-6B3810739875}.Debug|Any CPU.ActiveCfg = Debug|Any CPU
		{7F0EED49-2780-45E6-A9D8-6B3810739875}.Debug|Any CPU.Build.0 = Debug|Any CPU
		{7F0EED49-2780-45E6-A9D8-6B3810739875}.Release|Any CPU.ActiveCfg = Release|Any CPU
		{7F0EED49-2780-45E6-A9D8-6B3810739875}.Release|Any CPU.Build.0 = Release|Any CPU
		{2E2D56FD-4091-4612-A004-A2C634986FFB}.Debug|Any CPU.ActiveCfg = Debug|Any CPU
		{2E2D56FD-4091-4612-A004-A2C634986FFB}.Debug|Any CPU.Build.0 = Debug|Any CPU
		{2E2D56FD-4091-4612-A004-A2C634986FFB}.Release|Any CPU.ActiveCfg = Release|Any CPU
		{2E2D56FD-4091-4612-A004-A2C634986FFB}.Release|Any CPU.Build.0 = Release|Any CPU
		{3065C24F-DD71-44AE-98C2-7DF043611987}.Debug|Any CPU.ActiveCfg = Debug|Any CPU
		{3065C24F-DD71-44AE-98C2-7DF043611987}.Debug|Any CPU.Build.0 = Debug|Any CPU
		{3065C24F-DD71-44AE-98C2-7DF043611987}.Release|Any CPU.ActiveCfg = Release|Any CPU
		{3065C24F-DD71-44AE-98C2-7DF043611987}.Release|Any CPU.Build.0 = Release|Any CPU
	EndGlobalSection
	GlobalSection(SolutionProperties) = preSolution
		HideSolutionNode = FALSE
	EndGlobalSection
	GlobalSection(ExtensibilityGlobals) = postSolution
		SolutionGuid = {17F79EF0-89BA-452B-AA3A-2BBB295006B7}
	EndGlobalSection
EndGlobal
